
Microsoft Visual Studio Solution File, Format Version 12.00
# Visual Studio Version 16
VisualStudioVersion = 16.0.31410.357
MinimumVisualStudioVersion = 10.0.40219.1
Project("{FAE04EC0-301F-11D3-BF4B-00C04F79EFBC}") = "TokenizedTag", "TokenizedTag\TokenizedTag.csproj", "{DB932EEE-A33F-4456-8FFE-CA398C5C81D9}"
EndProject
Project("{FAE04EC0-301F-11D3-BF4B-00C04F79EFBC}") = "TokenizedTagTest", "TokenizedTagTest\TokenizedTagTest.csproj", "{01D5C446-BEA8-4ECA-B380-6A7948D8FA34}"
EndProject
Project("{2150E333-8FDC-42A3-9474-1A3956D46DE8}") = "Solution Items", "Solution Items", "{697A7621-EBA1-4A35-8ABE-1B1C64AC5341}"
	ProjectSection(SolutionItems) = preProject
		.gitignore = .gitignore
		LICENSE = LICENSE
		README = README
	EndProjectSection
EndProject
Global
	GlobalSection(SolutionConfigurationPlatforms) = preSolution
		Debug|Any CPU = Debug|Any CPU
		Release|Any CPU = Release|Any CPU
	EndGlobalSection
	GlobalSection(ProjectConfigurationPlatforms) = postSolution
		{DB932EEE-A33F-4456-8FFE-CA398C5C81D9}.Debug|Any CPU.ActiveCfg = Debug|Any CPU
		{DB932EEE-A33F-4456-8FFE-CA398C5C81D9}.Debug|Any CPU.Build.0 = Debug|Any CPU
		{DB932EEE-A33F-4456-8FFE-CA398C5C81D9}.Release|Any CPU.ActiveCfg = Release|Any CPU
		{DB932EEE-A33F-4456-8FFE-CA398C5C81D9}.Release|Any CPU.Build.0 = Release|Any CPU
		{01D5C446-BEA8-4ECA-B380-6A7948D8FA34}.Debug|Any CPU.ActiveCfg = Debug|Any CPU
		{01D5C446-BEA8-4ECA-B380-6A7948D8FA34}.Debug|Any CPU.Build.0 = Debug|Any CPU
		{01D5C446-BEA8-4ECA-B380-6A7948D8FA34}.Release|Any CPU.ActiveCfg = Release|Any CPU
		{01D5C446-BEA8-4ECA-B380-6A7948D8FA34}.Release|Any CPU.Build.0 = Release|Any CPU
	EndGlobalSection
	GlobalSection(SolutionProperties) = preSolution
		HideSolutionNode = FALSE
	EndGlobalSection
	GlobalSection(ExtensibilityGlobals) = postSolution
		SolutionGuid = {AC454FE7-074E-4D48-B1F1-08E2CFAE9DB8}
	EndGlobalSection
EndGlobal
